// !$*UTF8*$!
{
	archiveVersion = 1;
	classes = {
	};
	objectVersion = 56;
	objects = {

/* Begin PBXBuildFile section */
		77108F692B8F638400072AC9 /* Follower.swift in Sources */ = {isa = PBXBuildFile; fileRef = 77108F682B8F638400072AC9 /* Follower.swift */; };
		77108F6B2B8F658F00072AC9 /* User.swift in Sources */ = {isa = PBXBuildFile; fileRef = 77108F6A2B8F658F00072AC9 /* User.swift */; };
		77108F6E2B8F69A700072AC9 /* NetworkManager.swift in Sources */ = {isa = PBXBuildFile; fileRef = 77108F6D2B8F69A700072AC9 /* NetworkManager.swift */; };
		7735764D2B8781B8002EA15E /* AppDelegate.swift in Sources */ = {isa = PBXBuildFile; fileRef = 7735764C2B8781B8002EA15E /* AppDelegate.swift */; };
		7735764F2B8781B8002EA15E /* SceneDelegate.swift in Sources */ = {isa = PBXBuildFile; fileRef = 7735764E2B8781B8002EA15E /* SceneDelegate.swift */; };
		773576562B8781B9002EA15E /* Assets.xcassets in Resources */ = {isa = PBXBuildFile; fileRef = 773576552B8781B9002EA15E /* Assets.xcassets */; };
		773576592B8781B9002EA15E /* LaunchScreen.storyboard in Resources */ = {isa = PBXBuildFile; fileRef = 773576572B8781B9002EA15E /* LaunchScreen.storyboard */; };
		773576612B878383002EA15E /* SearchVC.swift in Sources */ = {isa = PBXBuildFile; fileRef = 773576602B878383002EA15E /* SearchVC.swift */; };
		773576632B878F17002EA15E /* FavoritesListVC.swift in Sources */ = {isa = PBXBuildFile; fileRef = 773576622B878F17002EA15E /* FavoritesListVC.swift */; };
		77546E042B95F86A00413B37 /* GFError.swift in Sources */ = {isa = PBXBuildFile; fileRef = 77546E032B95F86A00413B37 /* GFError.swift */; };
		77CE45DA2B8B682300B4AA3F /* GFButton.swift in Sources */ = {isa = PBXBuildFile; fileRef = 77CE45D92B8B682300B4AA3F /* GFButton.swift */; };
		77CE45DE2B8B685D00B4AA3F /* GFTextField.swift in Sources */ = {isa = PBXBuildFile; fileRef = 77CE45DD2B8B685D00B4AA3F /* GFTextField.swift */; };
		77CE45E02B8B704A00B4AA3F /* FollowersListVC.swift in Sources */ = {isa = PBXBuildFile; fileRef = 77CE45DF2B8B704A00B4AA3F /* FollowersListVC.swift */; };
		77FD2AE02B8CBB0600AA4848 /* GFTitleLabel.swift in Sources */ = {isa = PBXBuildFile; fileRef = 77FD2ADF2B8CBB0600AA4848 /* GFTitleLabel.swift */; };
		77FD2AE22B8CBC6800AA4848 /* GFBodyLabel.swift in Sources */ = {isa = PBXBuildFile; fileRef = 77FD2AE12B8CBC6800AA4848 /* GFBodyLabel.swift */; };
		77FD2AE42B8CBD2100AA4848 /* GFAlertVC.swift in Sources */ = {isa = PBXBuildFile; fileRef = 77FD2AE32B8CBD2100AA4848 /* GFAlertVC.swift */; };
		77FD2AE62B8CC45300AA4848 /* UIViewController_Ext.swift in Sources */ = {isa = PBXBuildFile; fileRef = 77FD2AE52B8CC45300AA4848 /* UIViewController_Ext.swift */; };
/* End PBXBuildFile section */

/* Begin PBXFileReference section */
		77108F682B8F638400072AC9 /* Follower.swift */ = {isa = PBXFileReference; lastKnownFileType = sourcecode.swift; path = Follower.swift; sourceTree = "<group>"; };
		77108F6A2B8F658F00072AC9 /* User.swift */ = {isa = PBXFileReference; lastKnownFileType = sourcecode.swift; path = User.swift; sourceTree = "<group>"; };
		77108F6D2B8F69A700072AC9 /* NetworkManager.swift */ = {isa = PBXFileReference; lastKnownFileType = sourcecode.swift; path = NetworkManager.swift; sourceTree = "<group>"; };
		773576492B8781B8002EA15E /* GHFollowerClone.app */ = {isa = PBXFileReference; explicitFileType = wrapper.application; includeInIndex = 0; path = GHFollowerClone.app; sourceTree = BUILT_PRODUCTS_DIR; };
		7735764C2B8781B8002EA15E /* AppDelegate.swift */ = {isa = PBXFileReference; lastKnownFileType = sourcecode.swift; path = AppDelegate.swift; sourceTree = "<group>"; };
		7735764E2B8781B8002EA15E /* SceneDelegate.swift */ = {isa = PBXFileReference; lastKnownFileType = sourcecode.swift; path = SceneDelegate.swift; sourceTree = "<group>"; };
		773576552B8781B9002EA15E /* Assets.xcassets */ = {isa = PBXFileReference; lastKnownFileType = folder.assetcatalog; path = Assets.xcassets; sourceTree = "<group>"; };
		773576582B8781B9002EA15E /* Base */ = {isa = PBXFileReference; lastKnownFileType = file.storyboard; name = Base; path = Base.lproj/LaunchScreen.storyboard; sourceTree = "<group>"; };
		7735765A2B8781B9002EA15E /* Info.plist */ = {isa = PBXFileReference; lastKnownFileType = text.plist.xml; path = Info.plist; sourceTree = "<group>"; };
		773576602B878383002EA15E /* SearchVC.swift */ = {isa = PBXFileReference; lastKnownFileType = sourcecode.swift; path = SearchVC.swift; sourceTree = "<group>"; };
		773576622B878F17002EA15E /* FavoritesListVC.swift */ = {isa = PBXFileReference; lastKnownFileType = sourcecode.swift; path = FavoritesListVC.swift; sourceTree = "<group>"; };
		77546E032B95F86A00413B37 /* GFError.swift */ = {isa = PBXFileReference; lastKnownFileType = sourcecode.swift; path = GFError.swift; sourceTree = "<group>"; };
		77CE45D92B8B682300B4AA3F /* GFButton.swift */ = {isa = PBXFileReference; lastKnownFileType = sourcecode.swift; path = GFButton.swift; sourceTree = "<group>"; };
		77CE45DD2B8B685D00B4AA3F /* GFTextField.swift */ = {isa = PBXFileReference; lastKnownFileType = sourcecode.swift; path = GFTextField.swift; sourceTree = "<group>"; };
		77CE45DF2B8B704A00B4AA3F /* FollowersListVC.swift */ = {isa = PBXFileReference; lastKnownFileType = sourcecode.swift; path = FollowersListVC.swift; sourceTree = "<group>"; };
		77FD2ADF2B8CBB0600AA4848 /* GFTitleLabel.swift */ = {isa = PBXFileReference; lastKnownFileType = sourcecode.swift; path = GFTitleLabel.swift; sourceTree = "<group>"; };
		77FD2AE12B8CBC6800AA4848 /* GFBodyLabel.swift */ = {isa = PBXFileReference; lastKnownFileType = sourcecode.swift; path = GFBodyLabel.swift; sourceTree = "<group>"; };
		77FD2AE32B8CBD2100AA4848 /* GFAlertVC.swift */ = {isa = PBXFileReference; lastKnownFileType = sourcecode.swift; path = GFAlertVC.swift; sourceTree = "<group>"; };
		77FD2AE52B8CC45300AA4848 /* UIViewController_Ext.swift */ = {isa = PBXFileReference; lastKnownFileType = sourcecode.swift; path = UIViewController_Ext.swift; sourceTree = "<group>"; };
/* End PBXFileReference section */

/* Begin PBXFrameworksBuildPhase section */
		773576462B8781B8002EA15E /* Frameworks */ = {
			isa = PBXFrameworksBuildPhase;
			buildActionMask = 2147483647;
			files = (
			);
			runOnlyForDeploymentPostprocessing = 0;
		};
/* End PBXFrameworksBuildPhase section */

/* Begin PBXGroup section */
		77108F672B8F636900072AC9 /* Model */ = {
			isa = PBXGroup;
			children = (
				77108F682B8F638400072AC9 /* Follower.swift */,
				77108F6A2B8F658F00072AC9 /* User.swift */,
			);
			path = Model;
			sourceTree = "<group>";
		};
		77108F6C2B8F699400072AC9 /* Managers */ = {
			isa = PBXGroup;
			children = (
				77108F6D2B8F69A700072AC9 /* NetworkManager.swift */,
			);
			path = Managers;
			sourceTree = "<group>";
		};
		773576402B8781B8002EA15E = {
			isa = PBXGroup;
			children = (
				7735764B2B8781B8002EA15E /* GHFollowerClone */,
				7735764A2B8781B8002EA15E /* Products */,
			);
			sourceTree = "<group>";
		};
		7735764A2B8781B8002EA15E /* Products */ = {
			isa = PBXGroup;
			children = (
				773576492B8781B8002EA15E /* GHFollowerClone.app */,
			);
			name = Products;
			sourceTree = "<group>";
		};
		7735764B2B8781B8002EA15E /* GHFollowerClone */ = {
			isa = PBXGroup;
			children = (
				77546E022B95F84D00413B37 /* Utils */,
				77108F6C2B8F699400072AC9 /* Managers */,
				77108F672B8F636900072AC9 /* Model */,
				77FD2AE92B8CD18600AA4848 /* Ext */,
				77FD2AE82B8CD14700AA4848 /* Custom Views */,
				77FD2AE72B8CD0E200AA4848 /* Screens */,
				7735764C2B8781B8002EA15E /* AppDelegate.swift */,
				7735764E2B8781B8002EA15E /* SceneDelegate.swift */,
				773576552B8781B9002EA15E /* Assets.xcassets */,
				773576572B8781B9002EA15E /* LaunchScreen.storyboard */,
				7735765A2B8781B9002EA15E /* Info.plist */,
			);
			path = GHFollowerClone;
			sourceTree = "<group>";
		};
		77546E022B95F84D00413B37 /* Utils */ = {
			isa = PBXGroup;
			children = (
				77546E032B95F86A00413B37 /* GFError.swift */,
			);
			path = Utils;
			sourceTree = "<group>";
		};
		77FD2AE72B8CD0E200AA4848 /* Screens */ = {
			isa = PBXGroup;
			children = (
				77CE45DF2B8B704A00B4AA3F /* FollowersListVC.swift */,
				773576602B878383002EA15E /* SearchVC.swift */,
				773576622B878F17002EA15E /* FavoritesListVC.swift */,
			);
			path = Screens;
			sourceTree = "<group>";
		};
		77FD2AE82B8CD14700AA4848 /* Custom Views */ = {
			isa = PBXGroup;
			children = (
				77FD2ADF2B8CBB0600AA4848 /* GFTitleLabel.swift */,
				77FD2AE12B8CBC6800AA4848 /* GFBodyLabel.swift */,
				77CE45D92B8B682300B4AA3F /* GFButton.swift */,
				77CE45DD2B8B685D00B4AA3F /* GFTextField.swift */,
				77FD2AE32B8CBD2100AA4848 /* GFAlertVC.swift */,
			);
			path = "Custom Views";
			sourceTree = "<group>";
		};
		77FD2AE92B8CD18600AA4848 /* Ext */ = {
			isa = PBXGroup;
			children = (
				77FD2AE52B8CC45300AA4848 /* UIViewController_Ext.swift */,
			);
			path = Ext;
			sourceTree = "<group>";
		};
/* End PBXGroup section */

/* Begin PBXNativeTarget section */
		773576482B8781B8002EA15E /* GHFollowerClone */ = {
			isa = PBXNativeTarget;
			buildConfigurationList = 7735765D2B8781B9002EA15E /* Build configuration list for PBXNativeTarget "GHFollowerClone" */;
			buildPhases = (
				773576452B8781B8002EA15E /* Sources */,
				773576462B8781B8002EA15E /* Frameworks */,
				773576472B8781B8002EA15E /* Resources */,
			);
			buildRules = (
			);
			dependencies = (
			);
			name = GHFollowerClone;
			productName = GHFollowerClone;
			productReference = 773576492B8781B8002EA15E /* GHFollowerClone.app */;
			productType = "com.apple.product-type.application";
		};
/* End PBXNativeTarget section */

/* Begin PBXProject section */
		773576412B8781B8002EA15E /* Project object */ = {
			isa = PBXProject;
			attributes = {
				BuildIndependentTargetsInParallel = 1;
				LastSwiftUpdateCheck = 1500;
				LastUpgradeCheck = 1500;
				TargetAttributes = {
					773576482B8781B8002EA15E = {
						CreatedOnToolsVersion = 15.0;
					};
				};
			};
			buildConfigurationList = 773576442B8781B8002EA15E /* Build configuration list for PBXProject "GHFollowerClone" */;
			compatibilityVersion = "Xcode 14.0";
			developmentRegion = en;
			hasScannedForEncodings = 0;
			knownRegions = (
				en,
				Base,
			);
			mainGroup = 773576402B8781B8002EA15E;
			productRefGroup = 7735764A2B8781B8002EA15E /* Products */;
			projectDirPath = "";
			projectRoot = "";
			targets = (
				773576482B8781B8002EA15E /* GHFollowerClone */,
			);
		};
/* End PBXProject section */

/* Begin PBXResourcesBuildPhase section */
		773576472B8781B8002EA15E /* Resources */ = {
			isa = PBXResourcesBuildPhase;
			buildActionMask = 2147483647;
			files = (
				773576592B8781B9002EA15E /* LaunchScreen.storyboard in Resources */,
				773576562B8781B9002EA15E /* Assets.xcassets in Resources */,
			);
			runOnlyForDeploymentPostprocessing = 0;
		};
/* End PBXResourcesBuildPhase section */

/* Begin PBXSourcesBuildPhase section */
		773576452B8781B8002EA15E /* Sources */ = {
			isa = PBXSourcesBuildPhase;
			buildActionMask = 2147483647;
			files = (
				77108F6B2B8F658F00072AC9 /* User.swift in Sources */,
				77CE45DE2B8B685D00B4AA3F /* GFTextField.swift in Sources */,
				77CE45E02B8B704A00B4AA3F /* FollowersListVC.swift in Sources */,
				77FD2AE62B8CC45300AA4848 /* UIViewController_Ext.swift in Sources */,
				773576632B878F17002EA15E /* FavoritesListVC.swift in Sources */,
				77CE45DA2B8B682300B4AA3F /* GFButton.swift in Sources */,
				77FD2AE42B8CBD2100AA4848 /* GFAlertVC.swift in Sources */,
				77546E042B95F86A00413B37 /* GFError.swift in Sources */,
				77FD2AE22B8CBC6800AA4848 /* GFBodyLabel.swift in Sources */,
				77108F692B8F638400072AC9 /* Follower.swift in Sources */,
				77FD2AE02B8CBB0600AA4848 /* GFTitleLabel.swift in Sources */,
				77108F6E2B8F69A700072AC9 /* NetworkManager.swift in Sources */,
				7735764D2B8781B8002EA15E /* AppDelegate.swift in Sources */,
				7735764F2B8781B8002EA15E /* SceneDelegate.swift in Sources */,
				773576612B878383002EA15E /* SearchVC.swift in Sources */,
			);
			runOnlyForDeploymentPostprocessing = 0;
		};
/* End PBXSourcesBuildPhase section */

/* Begin PBXVariantGroup section */
		773576572B8781B9002EA15E /* LaunchScreen.storyboard */ = {
			isa = PBXVariantGroup;
			children = (
				773576582B8781B9002EA15E /* Base */,
			);
			name = LaunchScreen.storyboard;
			sourceTree = "<group>";
		};
/* End PBXVariantGroup section */

/* Begin XCBuildConfiguration section */
		7735765B2B8781B9002EA15E /* Debug */ = {
			isa = XCBuildConfiguration;
			buildSettings = {
				ALWAYS_SEARCH_USER_PATHS = NO;
				ASSETCATALOG_COMPILER_GENERATE_SWIFT_ASSET_SYMBOL_EXTENSIONS = YES;
				CLANG_ANALYZER_NONNULL = YES;
				CLANG_ANALYZER_NUMBER_OBJECT_CONVERSION = YES_AGGRESSIVE;
				CLANG_CXX_LANGUAGE_STANDARD = "gnu++20";
				CLANG_ENABLE_MODULES = YES;
				CLANG_ENABLE_OBJC_ARC = YES;
				CLANG_ENABLE_OBJC_WEAK = YES;
				CLANG_WARN_BLOCK_CAPTURE_AUTORELEASING = YES;
				CLANG_WARN_BOOL_CONVERSION = YES;
				CLANG_WARN_COMMA = YES;
				CLANG_WARN_CONSTANT_CONVERSION = YES;
				CLANG_WARN_DEPRECATED_OBJC_IMPLEMENTATIONS = YES;
				CLANG_WARN_DIRECT_OBJC_ISA_USAGE = YES_ERROR;
				CLANG_WARN_DOCUMENTATION_COMMENTS = YES;
				CLANG_WARN_EMPTY_BODY = YES;
				CLANG_WARN_ENUM_CONVERSION = YES;
				CLANG_WARN_INFINITE_RECURSION = YES;
				CLANG_WARN_INT_CONVERSION = YES;
				CLANG_WARN_NON_LITERAL_NULL_CONVERSION = YES;
				CLANG_WARN_OBJC_IMPLICIT_RETAIN_SELF = YES;
				CLANG_WARN_OBJC_LITERAL_CONVERSION = YES;
				CLANG_WARN_OBJC_ROOT_CLASS = YES_ERROR;
				CLANG_WARN_QUOTED_INCLUDE_IN_FRAMEWORK_HEADER = YES;
				CLANG_WARN_RANGE_LOOP_ANALYSIS = YES;
				CLANG_WARN_STRICT_PROTOTYPES = YES;
				CLANG_WARN_SUSPICIOUS_MOVE = YES;
				CLANG_WARN_UNGUARDED_AVAILABILITY = YES_AGGRESSIVE;
				CLANG_WARN_UNREACHABLE_CODE = YES;
				CLANG_WARN__DUPLICATE_METHOD_MATCH = YES;
				COPY_PHASE_STRIP = NO;
				DEBUG_INFORMATION_FORMAT = dwarf;
				ENABLE_STRICT_OBJC_MSGSEND = YES;
				ENABLE_TESTABILITY = YES;
				ENABLE_USER_SCRIPT_SANDBOXING = YES;
				GCC_C_LANGUAGE_STANDARD = gnu17;
				GCC_DYNAMIC_NO_PIC = NO;
				GCC_NO_COMMON_BLOCKS = YES;
				GCC_OPTIMIZATION_LEVEL = 0;
				GCC_PREPROCESSOR_DEFINITIONS = (
					"DEBUG=1",
					"$(inherited)",
				);
				GCC_WARN_64_TO_32_BIT_CONVERSION = YES;
				GCC_WARN_ABOUT_RETURN_TYPE = YES_ERROR;
				GCC_WARN_UNDECLARED_SELECTOR = YES;
				GCC_WARN_UNINITIALIZED_AUTOS = YES_AGGRESSIVE;
				GCC_WARN_UNUSED_FUNCTION = YES;
				GCC_WARN_UNUSED_VARIABLE = YES;
				IPHONEOS_DEPLOYMENT_TARGET = 13.0;
				LOCALIZATION_PREFERS_STRING_CATALOGS = YES;
				MTL_ENABLE_DEBUG_INFO = INCLUDE_SOURCE;
				MTL_FAST_MATH = YES;
				ONLY_ACTIVE_ARCH = YES;
				SDKROOT = iphoneos;
				SWIFT_ACTIVE_COMPILATION_CONDITIONS = "DEBUG $(inherited)";
				SWIFT_OPTIMIZATION_LEVEL = "-Onone";
			};
			name = Debug;
		};
		7735765C2B8781B9002EA15E /* Release */ = {
			isa = XCBuildConfiguration;
			buildSettings = {
				ALWAYS_SEARCH_USER_PATHS = NO;
				ASSETCATALOG_COMPILER_GENERATE_SWIFT_ASSET_SYMBOL_EXTENSIONS = YES;
				CLANG_ANALYZER_NONNULL = YES;
				CLANG_ANALYZER_NUMBER_OBJECT_CONVERSION = YES_AGGRESSIVE;
				CLANG_CXX_LANGUAGE_STANDARD = "gnu++20";
				CLANG_ENABLE_MODULES = YES;
				CLANG_ENABLE_OBJC_ARC = YES;
				CLANG_ENABLE_OBJC_WEAK = YES;
				CLANG_WARN_BLOCK_CAPTURE_AUTORELEASING = YES;
				CLANG_WARN_BOOL_CONVERSION = YES;
				CLANG_WARN_COMMA = YES;
				CLANG_WARN_CONSTANT_CONVERSION = YES;
				CLANG_WARN_DEPRECATED_OBJC_IMPLEMENTATIONS = YES;
				CLANG_WARN_DIRECT_OBJC_ISA_USAGE = YES_ERROR;
				CLANG_WARN_DOCUMENTATION_COMMENTS = YES;
				CLANG_WARN_EMPTY_BODY = YES;
				CLANG_WARN_ENUM_CONVERSION = YES;
				CLANG_WARN_INFINITE_RECURSION = YES;
				CLANG_WARN_INT_CONVERSION = YES;
				CLANG_WARN_NON_LITERAL_NULL_CONVERSION = YES;
				CLANG_WARN_OBJC_IMPLICIT_RETAIN_SELF = YES;
				CLANG_WARN_OBJC_LITERAL_CONVERSION = YES;
				CLANG_WARN_OBJC_ROOT_CLASS = YES_ERROR;
				CLANG_WARN_QUOTED_INCLUDE_IN_FRAMEWORK_HEADER = YES;
				CLANG_WARN_RANGE_LOOP_ANALYSIS = YES;
				CLANG_WARN_STRICT_PROTOTYPES = YES;
				CLANG_WARN_SUSPICIOUS_MOVE = YES;
				CLANG_WARN_UNGUARDED_AVAILABILITY = YES_AGGRESSIVE;
				CLANG_WARN_UNREACHABLE_CODE = YES;
				CLANG_WARN__DUPLICATE_METHOD_MATCH = YES;
				COPY_PHASE_STRIP = NO;
				DEBUG_INFORMATION_FORMAT = "dwarf-with-dsym";
				ENABLE_NS_ASSERTIONS = NO;
				ENABLE_STRICT_OBJC_MSGSEND = YES;
				ENABLE_USER_SCRIPT_SANDBOXING = YES;
				GCC_C_LANGUAGE_STANDARD = gnu17;
				GCC_NO_COMMON_BLOCKS = YES;
				GCC_WARN_64_TO_32_BIT_CONVERSION = YES;
				GCC_WARN_ABOUT_RETURN_TYPE = YES_ERROR;
				GCC_WARN_UNDECLARED_SELECTOR = YES;
				GCC_WARN_UNINITIALIZED_AUTOS = YES_AGGRESSIVE;
				GCC_WARN_UNUSED_FUNCTION = YES;
				GCC_WARN_UNUSED_VARIABLE = YES;
				IPHONEOS_DEPLOYMENT_TARGET = 13.0;
				LOCALIZATION_PREFERS_STRING_CATALOGS = YES;
				MTL_ENABLE_DEBUG_INFO = NO;
				MTL_FAST_MATH = YES;
				SDKROOT = iphoneos;
				SWIFT_COMPILATION_MODE = wholemodule;
				VALIDATE_PRODUCT = YES;
			};
			name = Release;
		};
		7735765E2B8781B9002EA15E /* Debug */ = {
			isa = XCBuildConfiguration;
			buildSettings = {
				ASSETCATALOG_COMPILER_APPICON_NAME = AppIcon;
				ASSETCATALOG_COMPILER_GLOBAL_ACCENT_COLOR_NAME = AccentColor;
				CODE_SIGN_STYLE = Automatic;
				CURRENT_PROJECT_VERSION = 1;
				DEVELOPMENT_TEAM = 2453US6F64;
				GENERATE_INFOPLIST_FILE = YES;
				INFOPLIST_FILE = GHFollowerClone/Info.plist;
				INFOPLIST_KEY_CFBundleDisplayName = GHFollowerClone;
				INFOPLIST_KEY_UIApplicationSupportsIndirectInputEvents = YES;
				INFOPLIST_KEY_UILaunchStoryboardName = LaunchScreen;
				INFOPLIST_KEY_UISupportedInterfaceOrientations = UIInterfaceOrientationPortrait;
				INFOPLIST_KEY_UISupportedInterfaceOrientations_iPad = "UIInterfaceOrientationLandscapeLeft UIInterfaceOrientationLandscapeRight UIInterfaceOrientationPortrait UIInterfaceOrientationPortraitUpsideDown";
				IPHONEOS_DEPLOYMENT_TARGET = 13.0;
				LD_RUNPATH_SEARCH_PATHS = (
					"$(inherited)",
					"@executable_path/Frameworks",
				);
				MARKETING_VERSION = 1.0;
				PRODUCT_BUNDLE_IDENTIFIER = com.longdev.app.GHFollowerClone;
				PRODUCT_NAME = "$(TARGET_NAME)";
				SWIFT_EMIT_LOC_STRINGS = YES;
				SWIFT_VERSION = 5.0;
				TARGETED_DEVICE_FAMILY = "1,2";
			};
			name = Debug;
		};
		7735765F2B8781B9002EA15E /* Release */ = {
			isa = XCBuildConfiguration;
			buildSettings = {
				ASSETCATALOG_COMPILER_APPICON_NAME = AppIcon;
				ASSETCATALOG_COMPILER_GLOBAL_ACCENT_COLOR_NAME = AccentColor;
				CODE_SIGN_STYLE = Automatic;
				CURRENT_PROJECT_VERSION = 1;
				DEVELOPMENT_TEAM = 2453US6F64;
				GENERATE_INFOPLIST_FILE = YES;
				INFOPLIST_FILE = GHFollowerClone/Info.plist;
				INFOPLIST_KEY_CFBundleDisplayName = GHFollowerClone;
				INFOPLIST_KEY_UIApplicationSupportsIndirectInputEvents = YES;
				INFOPLIST_KEY_UILaunchStoryboardName = LaunchScreen;
				INFOPLIST_KEY_UISupportedInterfaceOrientations = UIInterfaceOrientationPortrait;
				INFOPLIST_KEY_UISupportedInterfaceOrientations_iPad = "UIInterfaceOrientationLandscapeLeft UIInterfaceOrientationLandscapeRight UIInterfaceOrientationPortrait UIInterfaceOrientationPortraitUpsideDown";
				IPHONEOS_DEPLOYMENT_TARGET = 13.0;
				LD_RUNPATH_SEARCH_PATHS = (
					"$(inherited)",
					"@executable_path/Frameworks",
				);
				MARKETING_VERSION = 1.0;
				PRODUCT_BUNDLE_IDENTIFIER = com.longdev.app.GHFollowerClone;
				PRODUCT_NAME = "$(TARGET_NAME)";
				SWIFT_EMIT_LOC_STRINGS = YES;
				SWIFT_VERSION = 5.0;
				TARGETED_DEVICE_FAMILY = "1,2";
			};
			name = Release;
		};
/* End XCBuildConfiguration section */

/* Begin XCConfigurationList section */
		773576442B8781B8002EA15E /* Build configuration list for PBXProject "GHFollowerClone" */ = {
			isa = XCConfigurationList;
			buildConfigurations = (
				7735765B2B8781B9002EA15E /* Debug */,
				7735765C2B8781B9002EA15E /* Release */,
			);
			defaultConfigurationIsVisible = 0;
			defaultConfigurationName = Release;
		};
		7735765D2B8781B9002EA15E /* Build configuration list for PBXNativeTarget "GHFollowerClone" */ = {
			isa = XCConfigurationList;
			buildConfigurations = (
				7735765E2B8781B9002EA15E /* Debug */,
				7735765F2B8781B9002EA15E /* Release */,
			);
			defaultConfigurationIsVisible = 0;
			defaultConfigurationName = Release;
		};
/* End XCConfigurationList section */
	};
	rootObject = 773576412B8781B8002EA15E /* Project object */;
}
